// !$*UTF8*$!
{
	archiveVersion = 1;
	classes = {
	};
	objectVersion = 51;
	objects = {

/* Begin PBXBuildFile section */
		759A5BDCC6DADB263C92EEF1 /* Pods_IHMA.framework in Frameworks */ = {isa = PBXBuildFile; fileRef = 7936371CC97C66B7C8BEF159 /* Pods_IHMA.framework */; };
		9002F4DA2637E510006292C1 /* CoursesTableViewCell.swift in Sources */ = {isa = PBXBuildFile; fileRef = 9002F4D92637E510006292C1 /* CoursesTableViewCell.swift */; };
		9002F4DD263819A8006292C1 /* UIImage+Extension.swift in Sources */ = {isa = PBXBuildFile; fileRef = 9002F4DC263819A8006292C1 /* UIImage+Extension.swift */; };
		9002F4E026381A15006292C1 /* UITextfield+Extension.swift in Sources */ = {isa = PBXBuildFile; fileRef = 9002F4DF26381A15006292C1 /* UITextfield+Extension.swift */; };
		90209D23263FB99C00EC8588 /* UIColor+Extension.swift in Sources */ = {isa = PBXBuildFile; fileRef = 90209D22263FB99C00EC8588 /* UIColor+Extension.swift */; };
		9027C31526367E3A00937441 /* LoginViewController.swift in Sources */ = {isa = PBXBuildFile; fileRef = 9027C31426367E3A00937441 /* LoginViewController.swift */; };
		9027C319263685FE00937441 /* User1.swift in Sources */ = {isa = PBXBuildFile; fileRef = 9027C318263685FE00937441 /* User1.swift */; };
		9027C31D2636868D00937441 /* Authentication.swift in Sources */ = {isa = PBXBuildFile; fileRef = 9027C31C2636868D00937441 /* Authentication.swift */; };
		9027C3372636D29900937441 /* hexToUiColor.swift in Sources */ = {isa = PBXBuildFile; fileRef = 9027C3362636D29900937441 /* hexToUiColor.swift */; };
		902BA58D2641031500411097 /* RegistrationTableDataSource.swift in Sources */ = {isa = PBXBuildFile; fileRef = 902BA58C2641031500411097 /* RegistrationTableDataSource.swift */; };
		902BA5A12641147600411097 /* FormTableViewCell.swift in Sources */ = {isa = PBXBuildFile; fileRef = 902BA5A02641147600411097 /* FormTableViewCell.swift */; };
		902BA5AA26418FFE00411097 /* OTPTableViewCell.swift in Sources */ = {isa = PBXBuildFile; fileRef = 902BA5A926418FFE00411097 /* OTPTableViewCell.swift */; };
		903E8CB226314C6500D0AADD /* Main.storyboard in Resources */ = {isa = PBXBuildFile; fileRef = 903E8CB126314C6500D0AADD /* Main.storyboard */; };
		903E8CB7263150B800D0AADD /* ViewController2.swift in Sources */ = {isa = PBXBuildFile; fileRef = 903E8CB6263150B800D0AADD /* ViewController2.swift */; };
		903E8CC02631A1B000D0AADD /* SideMenuViewController.swift in Sources */ = {isa = PBXBuildFile; fileRef = 903E8CBF2631A1B000D0AADD /* SideMenuViewController.swift */; };
		9044AEED26392FA200E29A37 /* UIView+Extension.swift in Sources */ = {isa = PBXBuildFile; fileRef = 9044AEEC26392FA200E29A37 /* UIView+Extension.swift */; };
		9044AEF0263940A500E29A37 /* PaymentScreens.storyboard in Resources */ = {isa = PBXBuildFile; fileRef = 9044AEEF263940A500E29A37 /* PaymentScreens.storyboard */; };
		9044AEF4263940FE00E29A37 /* PaymentViewController.swift in Sources */ = {isa = PBXBuildFile; fileRef = 9044AEF3263940FE00E29A37 /* PaymentViewController.swift */; };
		90759C0826328BE60052FFAB /* Loginscreens.storyboard in Resources */ = {isa = PBXBuildFile; fileRef = 90759C0726328BE60052FFAB /* Loginscreens.storyboard */; };
		90759C0C26328C780052FFAB /* RegistrationViewController.swift in Sources */ = {isa = PBXBuildFile; fileRef = 90759C0B26328C780052FFAB /* RegistrationViewController.swift */; };
		90759C172632946C0052FFAB /* ViewControllers+StoryboardIdentifiers.swift in Sources */ = {isa = PBXBuildFile; fileRef = 90759C142632946C0052FFAB /* ViewControllers+StoryboardIdentifiers.swift */; };
		90759C182632946C0052FFAB /* StoryboardIdentifierHandlerType.swift in Sources */ = {isa = PBXBuildFile; fileRef = 90759C152632946C0052FFAB /* StoryboardIdentifierHandlerType.swift */; };
		90759C192632946C0052FFAB /* UIStoryboard+Helpers.swift in Sources */ = {isa = PBXBuildFile; fileRef = 90759C162632946C0052FFAB /* UIStoryboard+Helpers.swift */; };
		90759C1D2632ACED0052FFAB /* BaseViewController.swift in Sources */ = {isa = PBXBuildFile; fileRef = 90759C1C2632ACED0052FFAB /* BaseViewController.swift */; };
		909BF9872642DA3E001B73D1 /* loginModel.swift in Sources */ = {isa = PBXBuildFile; fileRef = 909BF9862642DA3E001B73D1 /* loginModel.swift */; };
		909BF98B2642E39D001B73D1 /* SplashViewController.swift in Sources */ = {isa = PBXBuildFile; fileRef = 909BF98A2642E39D001B73D1 /* SplashViewController.swift */; };
		909F2F35263BB4C300200EE2 /* NotificationViewController.swift in Sources */ = {isa = PBXBuildFile; fileRef = 909F2F34263BB4C300200EE2 /* NotificationViewController.swift */; };
		909F2F38263BC32100200EE2 /* NotificationDataSource.swift in Sources */ = {isa = PBXBuildFile; fileRef = 909F2F37263BC32100200EE2 /* NotificationDataSource.swift */; };
		909F2F3B263BC34F00200EE2 /* NotificationTableViewCell.swift in Sources */ = {isa = PBXBuildFile; fileRef = 909F2F3A263BC34F00200EE2 /* NotificationTableViewCell.swift */; };
		909F2F3F263BEAAF00200EE2 /* ProfileScreens.storyboard in Resources */ = {isa = PBXBuildFile; fileRef = 909F2F3E263BEAAF00200EE2 /* ProfileScreens.storyboard */; };
		909F2F43263BF15600200EE2 /* ProfileViewController.swift in Sources */ = {isa = PBXBuildFile; fileRef = 909F2F42263BF15600200EE2 /* ProfileViewController.swift */; };
		90C3144726358EC300EC7192 /* TableDataSource.swift in Sources */ = {isa = PBXBuildFile; fileRef = 90C3144626358EC300EC7192 /* TableDataSource.swift */; };
		90D4005D2643880900DC82B9 /* OTPViewController.swift in Sources */ = {isa = PBXBuildFile; fileRef = 90D4005C2643880900DC82B9 /* OTPViewController.swift */; };
		90D4006026439DF500DC82B9 /* OTPDataSource.swift in Sources */ = {isa = PBXBuildFile; fileRef = 90D4005F26439DF500DC82B9 /* OTPDataSource.swift */; };
		90D400632643B8CC00DC82B9 /* SubmitTableViewCell.swift in Sources */ = {isa = PBXBuildFile; fileRef = 90D400622643B8CC00DC82B9 /* SubmitTableViewCell.swift */; };
		FA2B525B2595BE53004B23F9 /* AppDelegate.swift in Sources */ = {isa = PBXBuildFile; fileRef = FA2B525A2595BE53004B23F9 /* AppDelegate.swift */; };
		FA2B525D2595BE53004B23F9 /* SceneDelegate.swift in Sources */ = {isa = PBXBuildFile; fileRef = FA2B525C2595BE53004B23F9 /* SceneDelegate.swift */; };
		FA2B525F2595BE53004B23F9 /* ViewController.swift in Sources */ = {isa = PBXBuildFile; fileRef = FA2B525E2595BE53004B23F9 /* ViewController.swift */; };
		FA2B52652595BE53004B23F9 /* IHMA.xcdatamodeld in Sources */ = {isa = PBXBuildFile; fileRef = FA2B52632595BE53004B23F9 /* IHMA.xcdatamodeld */; };
		FA2B52672595BE55004B23F9 /* Assets.xcassets in Resources */ = {isa = PBXBuildFile; fileRef = FA2B52662595BE55004B23F9 /* Assets.xcassets */; };
		FA2B526A2595BE55004B23F9 /* LaunchScreen.storyboard in Resources */ = {isa = PBXBuildFile; fileRef = FA2B52682595BE55004B23F9 /* LaunchScreen.storyboard */; };
		FA2B527B2595BF41004B23F9 /* ViewModel.swift in Sources */ = {isa = PBXBuildFile; fileRef = FA2B527A2595BF41004B23F9 /* ViewModel.swift */; };
		FA2B52872595C4AA004B23F9 /* Parser.swift in Sources */ = {isa = PBXBuildFile; fileRef = FA2B52862595C4AA004B23F9 /* Parser.swift */; };
		FA2B528A2595C569004B23F9 /* Model.swift in Sources */ = {isa = PBXBuildFile; fileRef = FA2B52892595C569004B23F9 /* Model.swift */; };
		FA2B52992595CC27004B23F9 /* TitilliumWeb-Black.ttf in Resources */ = {isa = PBXBuildFile; fileRef = FA2B52932595CBE6004B23F9 /* TitilliumWeb-Black.ttf */; };
		FA2B529B2595CC2A004B23F9 /* TitilliumWeb-Bold.ttf in Resources */ = {isa = PBXBuildFile; fileRef = FA2B52952595CBE6004B23F9 /* TitilliumWeb-Bold.ttf */; };
		FA2B529D2595CC2C004B23F9 /* TitilliumWeb-BoldItalic.ttf in Resources */ = {isa = PBXBuildFile; fileRef = FA2B528F2595CBE6004B23F9 /* TitilliumWeb-BoldItalic.ttf */; };
		FA2B529F2595CC2F004B23F9 /* TitilliumWeb-ExtraLight.ttf in Resources */ = {isa = PBXBuildFile; fileRef = FA2B52912595CBE6004B23F9 /* TitilliumWeb-ExtraLight.ttf */; };
		FA2B52A12595CC32004B23F9 /* TitilliumWeb-ExtraLightItalic.ttf in Resources */ = {isa = PBXBuildFile; fileRef = FA2B52942595CBE6004B23F9 /* TitilliumWeb-ExtraLightItalic.ttf */; };
		FA2B52A32595CC35004B23F9 /* TitilliumWeb-Italic.ttf in Resources */ = {isa = PBXBuildFile; fileRef = FA2B52902595CBE6004B23F9 /* TitilliumWeb-Italic.ttf */; };
		FA2B52A52595CC37004B23F9 /* TitilliumWeb-Light.ttf in Resources */ = {isa = PBXBuildFile; fileRef = FA2B52972595CBE6004B23F9 /* TitilliumWeb-Light.ttf */; };
		FA2B52A72595CC3A004B23F9 /* TitilliumWeb-LightItalic.ttf in Resources */ = {isa = PBXBuildFile; fileRef = FA2B52922595CBE6004B23F9 /* TitilliumWeb-LightItalic.ttf */; };
		FA2B52A92595CC3C004B23F9 /* TitilliumWeb-Regular.ttf in Resources */ = {isa = PBXBuildFile; fileRef = FA2B52962595CBE6004B23F9 /* TitilliumWeb-Regular.ttf */; };
		FA2B52AB2595CC40004B23F9 /* TitilliumWeb-SemiBold.ttf in Resources */ = {isa = PBXBuildFile; fileRef = FA2B528D2595CBE6004B23F9 /* TitilliumWeb-SemiBold.ttf */; };
		FA2B52AD2595CC42004B23F9 /* TitilliumWeb-SemiBoldItalic.ttf in Resources */ = {isa = PBXBuildFile; fileRef = FA2B528E2595CBE6004B23F9 /* TitilliumWeb-SemiBoldItalic.ttf */; };
		FA2B52B02595CD57004B23F9 /* ViewDataSource.swift in Sources */ = {isa = PBXBuildFile; fileRef = FA2B52AF2595CD57004B23F9 /* ViewDataSource.swift */; };
		FA2B52B42595D2C1004B23F9 /* Constants.swift in Sources */ = {isa = PBXBuildFile; fileRef = FA2B52B32595D2C1004B23F9 /* Constants.swift */; };
		FA2B52B72595D356004B23F9 /* CollectionViewCell.swift in Sources */ = {isa = PBXBuildFile; fileRef = FA2B52B62595D356004B23F9 /* CollectionViewCell.swift */; };
		FA2B52BA2595D3BD004B23F9 /* Utils.swift in Sources */ = {isa = PBXBuildFile; fileRef = FA2B52B92595D3BD004B23F9 /* Utils.swift */; };
/* End PBXBuildFile section */

/* Begin PBXFileReference section */
		18B02C3848906860D167C001 /* Pods-IHMA.release.xcconfig */ = {isa = PBXFileReference; includeInIndex = 1; lastKnownFileType = text.xcconfig; name = "Pods-IHMA.release.xcconfig"; path = "Target Support Files/Pods-IHMA/Pods-IHMA.release.xcconfig"; sourceTree = "<group>"; };
		7936371CC97C66B7C8BEF159 /* Pods_IHMA.framework */ = {isa = PBXFileReference; explicitFileType = wrapper.framework; includeInIndex = 0; path = Pods_IHMA.framework; sourceTree = BUILT_PRODUCTS_DIR; };
		9002F4D92637E510006292C1 /* CoursesTableViewCell.swift */ = {isa = PBXFileReference; lastKnownFileType = sourcecode.swift; path = CoursesTableViewCell.swift; sourceTree = "<group>"; };
		9002F4DC263819A8006292C1 /* UIImage+Extension.swift */ = {isa = PBXFileReference; lastKnownFileType = sourcecode.swift; path = "UIImage+Extension.swift"; sourceTree = "<group>"; };
		9002F4DF26381A15006292C1 /* UITextfield+Extension.swift */ = {isa = PBXFileReference; lastKnownFileType = sourcecode.swift; path = "UITextfield+Extension.swift"; sourceTree = "<group>"; };
		90209D22263FB99C00EC8588 /* UIColor+Extension.swift */ = {isa = PBXFileReference; lastKnownFileType = sourcecode.swift; path = "UIColor+Extension.swift"; sourceTree = "<group>"; };
		9027C31426367E3A00937441 /* LoginViewController.swift */ = {isa = PBXFileReference; lastKnownFileType = sourcecode.swift; path = LoginViewController.swift; sourceTree = "<group>"; };
		9027C318263685FE00937441 /* User1.swift */ = {isa = PBXFileReference; lastKnownFileType = sourcecode.swift; path = User1.swift; sourceTree = "<group>"; };
		9027C31C2636868D00937441 /* Authentication.swift */ = {isa = PBXFileReference; lastKnownFileType = sourcecode.swift; path = Authentication.swift; sourceTree = "<group>"; };
		9027C3362636D29900937441 /* hexToUiColor.swift */ = {isa = PBXFileReference; fileEncoding = 4; lastKnownFileType = sourcecode.swift; path = hexToUiColor.swift; sourceTree = "<group>"; };
		902BA58C2641031500411097 /* RegistrationTableDataSource.swift */ = {isa = PBXFileReference; lastKnownFileType = sourcecode.swift; path = RegistrationTableDataSource.swift; sourceTree = "<group>"; };
		902BA5A02641147600411097 /* FormTableViewCell.swift */ = {isa = PBXFileReference; lastKnownFileType = sourcecode.swift; path = FormTableViewCell.swift; sourceTree = "<group>"; };
		902BA5A926418FFE00411097 /* OTPTableViewCell.swift */ = {isa = PBXFileReference; lastKnownFileType = sourcecode.swift; path = OTPTableViewCell.swift; sourceTree = "<group>"; };
		903E8CB126314C6500D0AADD /* Main.storyboard */ = {isa = PBXFileReference; fileEncoding = 4; lastKnownFileType = file.storyboard; path = Main.storyboard; sourceTree = "<group>"; };
		903E8CB6263150B800D0AADD /* ViewController2.swift */ = {isa = PBXFileReference; lastKnownFileType = sourcecode.swift; path = ViewController2.swift; sourceTree = "<group>"; };
		903E8CBF2631A1B000D0AADD /* SideMenuViewController.swift */ = {isa = PBXFileReference; lastKnownFileType = sourcecode.swift; path = SideMenuViewController.swift; sourceTree = "<group>"; };
		9044AEEC26392FA200E29A37 /* UIView+Extension.swift */ = {isa = PBXFileReference; lastKnownFileType = sourcecode.swift; path = "UIView+Extension.swift"; sourceTree = "<group>"; };
		9044AEEF263940A500E29A37 /* PaymentScreens.storyboard */ = {isa = PBXFileReference; lastKnownFileType = file.storyboard; path = PaymentScreens.storyboard; sourceTree = "<group>"; };
		9044AEF3263940FE00E29A37 /* PaymentViewController.swift */ = {isa = PBXFileReference; lastKnownFileType = sourcecode.swift; path = PaymentViewController.swift; sourceTree = "<group>"; };
		90759C0726328BE60052FFAB /* Loginscreens.storyboard */ = {isa = PBXFileReference; lastKnownFileType = file.storyboard; path = Loginscreens.storyboard; sourceTree = "<group>"; };
		90759C0B26328C780052FFAB /* RegistrationViewController.swift */ = {isa = PBXFileReference; lastKnownFileType = sourcecode.swift; path = RegistrationViewController.swift; sourceTree = "<group>"; };
		90759C142632946C0052FFAB /* ViewControllers+StoryboardIdentifiers.swift */ = {isa = PBXFileReference; fileEncoding = 4; lastKnownFileType = sourcecode.swift; name = "ViewControllers+StoryboardIdentifiers.swift"; path = "IHMA/Storyboard Helpers/ViewControllers+StoryboardIdentifiers.swift"; sourceTree = SOURCE_ROOT; };
		90759C152632946C0052FFAB /* StoryboardIdentifierHandlerType.swift */ = {isa = PBXFileReference; fileEncoding = 4; lastKnownFileType = sourcecode.swift; name = StoryboardIdentifierHandlerType.swift; path = "IHMA/Storyboard Helpers/StoryboardIdentifierHandlerType.swift"; sourceTree = SOURCE_ROOT; };
		90759C162632946C0052FFAB /* UIStoryboard+Helpers.swift */ = {isa = PBXFileReference; fileEncoding = 4; lastKnownFileType = sourcecode.swift; name = "UIStoryboard+Helpers.swift"; path = "IHMA/Storyboard Helpers/UIStoryboard+Helpers.swift"; sourceTree = SOURCE_ROOT; };
		90759C1C2632ACED0052FFAB /* BaseViewController.swift */ = {isa = PBXFileReference; lastKnownFileType = sourcecode.swift; path = BaseViewController.swift; sourceTree = "<group>"; };
		909BF9862642DA3E001B73D1 /* loginModel.swift */ = {isa = PBXFileReference; lastKnownFileType = sourcecode.swift; path = loginModel.swift; sourceTree = "<group>"; };
		909BF98A2642E39D001B73D1 /* SplashViewController.swift */ = {isa = PBXFileReference; lastKnownFileType = sourcecode.swift; path = SplashViewController.swift; sourceTree = "<group>"; };
		909F2F34263BB4C300200EE2 /* NotificationViewController.swift */ = {isa = PBXFileReference; lastKnownFileType = sourcecode.swift; path = NotificationViewController.swift; sourceTree = "<group>"; };
		909F2F37263BC32100200EE2 /* NotificationDataSource.swift */ = {isa = PBXFileReference; lastKnownFileType = sourcecode.swift; path = NotificationDataSource.swift; sourceTree = "<group>"; };
		909F2F3A263BC34F00200EE2 /* NotificationTableViewCell.swift */ = {isa = PBXFileReference; lastKnownFileType = sourcecode.swift; path = NotificationTableViewCell.swift; sourceTree = "<group>"; };
		909F2F3E263BEAAF00200EE2 /* ProfileScreens.storyboard */ = {isa = PBXFileReference; lastKnownFileType = file.storyboard; path = ProfileScreens.storyboard; sourceTree = "<group>"; };
		909F2F42263BF15600200EE2 /* ProfileViewController.swift */ = {isa = PBXFileReference; lastKnownFileType = sourcecode.swift; path = ProfileViewController.swift; sourceTree = "<group>"; };
		90C3144626358EC300EC7192 /* TableDataSource.swift */ = {isa = PBXFileReference; lastKnownFileType = sourcecode.swift; path = TableDataSource.swift; sourceTree = "<group>"; };
		90D4005C2643880900DC82B9 /* OTPViewController.swift */ = {isa = PBXFileReference; lastKnownFileType = sourcecode.swift; path = OTPViewController.swift; sourceTree = "<group>"; };
		90D4005F26439DF500DC82B9 /* OTPDataSource.swift */ = {isa = PBXFileReference; lastKnownFileType = sourcecode.swift; path = OTPDataSource.swift; sourceTree = "<group>"; };
		90D400622643B8CC00DC82B9 /* SubmitTableViewCell.swift */ = {isa = PBXFileReference; lastKnownFileType = sourcecode.swift; path = SubmitTableViewCell.swift; sourceTree = "<group>"; };
		BD83E661FC8D60579560BCA0 /* Pods-IHMA.debug.xcconfig */ = {isa = PBXFileReference; includeInIndex = 1; lastKnownFileType = text.xcconfig; name = "Pods-IHMA.debug.xcconfig"; path = "Target Support Files/Pods-IHMA/Pods-IHMA.debug.xcconfig"; sourceTree = "<group>"; };
		FA2B52572595BE53004B23F9 /* IHMA.app */ = {isa = PBXFileReference; explicitFileType = wrapper.application; includeInIndex = 0; path = IHMA.app; sourceTree = BUILT_PRODUCTS_DIR; };
		FA2B525A2595BE53004B23F9 /* AppDelegate.swift */ = {isa = PBXFileReference; lastKnownFileType = sourcecode.swift; path = AppDelegate.swift; sourceTree = "<group>"; };
		FA2B525C2595BE53004B23F9 /* SceneDelegate.swift */ = {isa = PBXFileReference; lastKnownFileType = sourcecode.swift; path = SceneDelegate.swift; sourceTree = "<group>"; };
		FA2B525E2595BE53004B23F9 /* ViewController.swift */ = {isa = PBXFileReference; lastKnownFileType = sourcecode.swift; path = ViewController.swift; sourceTree = "<group>"; };
		FA2B52642595BE53004B23F9 /* Test.xcdatamodel */ = {isa = PBXFileReference; lastKnownFileType = wrapper.xcdatamodel; path = Test.xcdatamodel; sourceTree = "<group>"; };
		FA2B52662595BE55004B23F9 /* Assets.xcassets */ = {isa = PBXFileReference; lastKnownFileType = folder.assetcatalog; path = Assets.xcassets; sourceTree = "<group>"; };
		FA2B52692595BE55004B23F9 /* Base */ = {isa = PBXFileReference; lastKnownFileType = file.storyboard; name = Base; path = Base.lproj/LaunchScreen.storyboard; sourceTree = "<group>"; };
		FA2B526B2595BE55004B23F9 /* Info.plist */ = {isa = PBXFileReference; lastKnownFileType = text.plist.xml; path = Info.plist; sourceTree = "<group>"; };
		FA2B527A2595BF41004B23F9 /* ViewModel.swift */ = {isa = PBXFileReference; lastKnownFileType = sourcecode.swift; path = ViewModel.swift; sourceTree = "<group>"; };
		FA2B52862595C4AA004B23F9 /* Parser.swift */ = {isa = PBXFileReference; lastKnownFileType = sourcecode.swift; path = Parser.swift; sourceTree = "<group>"; };
		FA2B52892595C569004B23F9 /* Model.swift */ = {isa = PBXFileReference; lastKnownFileType = sourcecode.swift; path = Model.swift; sourceTree = "<group>"; };
		FA2B528D2595CBE6004B23F9 /* TitilliumWeb-SemiBold.ttf */ = {isa = PBXFileReference; lastKnownFileType = file; path = "TitilliumWeb-SemiBold.ttf"; sourceTree = "<group>"; };
		FA2B528E2595CBE6004B23F9 /* TitilliumWeb-SemiBoldItalic.ttf */ = {isa = PBXFileReference; lastKnownFileType = file; path = "TitilliumWeb-SemiBoldItalic.ttf"; sourceTree = "<group>"; };
		FA2B528F2595CBE6004B23F9 /* TitilliumWeb-BoldItalic.ttf */ = {isa = PBXFileReference; lastKnownFileType = file; path = "TitilliumWeb-BoldItalic.ttf"; sourceTree = "<group>"; };
		FA2B52902595CBE6004B23F9 /* TitilliumWeb-Italic.ttf */ = {isa = PBXFileReference; lastKnownFileType = file; path = "TitilliumWeb-Italic.ttf"; sourceTree = "<group>"; };
		FA2B52912595CBE6004B23F9 /* TitilliumWeb-ExtraLight.ttf */ = {isa = PBXFileReference; lastKnownFileType = file; path = "TitilliumWeb-ExtraLight.ttf"; sourceTree = "<group>"; };
		FA2B52922595CBE6004B23F9 /* TitilliumWeb-LightItalic.ttf */ = {isa = PBXFileReference; lastKnownFileType = file; path = "TitilliumWeb-LightItalic.ttf"; sourceTree = "<group>"; };
		FA2B52932595CBE6004B23F9 /* TitilliumWeb-Black.ttf */ = {isa = PBXFileReference; lastKnownFileType = file; path = "TitilliumWeb-Black.ttf"; sourceTree = "<group>"; };
		FA2B52942595CBE6004B23F9 /* TitilliumWeb-ExtraLightItalic.ttf */ = {isa = PBXFileReference; lastKnownFileType = file; path = "TitilliumWeb-ExtraLightItalic.ttf"; sourceTree = "<group>"; };
		FA2B52952595CBE6004B23F9 /* TitilliumWeb-Bold.ttf */ = {isa = PBXFileReference; lastKnownFileType = file; path = "TitilliumWeb-Bold.ttf"; sourceTree = "<group>"; };
		FA2B52962595CBE6004B23F9 /* TitilliumWeb-Regular.ttf */ = {isa = PBXFileReference; lastKnownFileType = file; path = "TitilliumWeb-Regular.ttf"; sourceTree = "<group>"; };
		FA2B52972595CBE6004B23F9 /* TitilliumWeb-Light.ttf */ = {isa = PBXFileReference; lastKnownFileType = file; path = "TitilliumWeb-Light.ttf"; sourceTree = "<group>"; };
		FA2B52AF2595CD57004B23F9 /* ViewDataSource.swift */ = {isa = PBXFileReference; lastKnownFileType = sourcecode.swift; path = ViewDataSource.swift; sourceTree = "<group>"; };
		FA2B52B32595D2C1004B23F9 /* Constants.swift */ = {isa = PBXFileReference; lastKnownFileType = sourcecode.swift; path = Constants.swift; sourceTree = "<group>"; };
		FA2B52B62595D356004B23F9 /* CollectionViewCell.swift */ = {isa = PBXFileReference; lastKnownFileType = sourcecode.swift; path = CollectionViewCell.swift; sourceTree = "<group>"; };
		FA2B52B92595D3BD004B23F9 /* Utils.swift */ = {isa = PBXFileReference; lastKnownFileType = sourcecode.swift; path = Utils.swift; sourceTree = "<group>"; };
/* End PBXFileReference section */

/* Begin PBXFrameworksBuildPhase section */
		FA2B52542595BE53004B23F9 /* Frameworks */ = {
			isa = PBXFrameworksBuildPhase;
			buildActionMask = 2147483647;
			files = (
				759A5BDCC6DADB263C92EEF1 /* Pods_IHMA.framework in Frameworks */,
			);
			runOnlyForDeploymentPostprocessing = 0;
		};
/* End PBXFrameworksBuildPhase section */

/* Begin PBXGroup section */
		167636B86521787412CB4C29 /* Pods */ = {
			isa = PBXGroup;
			children = (
				BD83E661FC8D60579560BCA0 /* Pods-IHMA.debug.xcconfig */,
				18B02C3848906860D167C001 /* Pods-IHMA.release.xcconfig */,
			);
			path = Pods;
			sourceTree = "<group>";
		};
		9027C317263685ED00937441 /* Model */ = {
			isa = PBXGroup;
			children = (
				9027C318263685FE00937441 /* User1.swift */,
				909BF9862642DA3E001B73D1 /* loginModel.swift */,
			);
			path = Model;
			sourceTree = "<group>";
		};
		9027C31B2636867600937441 /* View Model */ = {
			isa = PBXGroup;
			children = (
				9027C31C2636868D00937441 /* Authentication.swift */,
			);
			path = "View Model";
			sourceTree = "<group>";
		};
		9027C3352636D26A00937441 /* Helpers */ = {
			isa = PBXGroup;
			children = (
				9027C3362636D29900937441 /* hexToUiColor.swift */,
				9002F4DC263819A8006292C1 /* UIImage+Extension.swift */,
				9002F4DF26381A15006292C1 /* UITextfield+Extension.swift */,
				9044AEEC26392FA200E29A37 /* UIView+Extension.swift */,
				90209D22263FB99C00EC8588 /* UIColor+Extension.swift */,
			);
			path = Helpers;
			sourceTree = "<group>";
		};
		903E8CB52631508A00D0AADD /* Views-2nd page */ = {
			isa = PBXGroup;
			children = (
				903E8CB6263150B800D0AADD /* ViewController2.swift */,
			);
			path = "Views-2nd page";
			sourceTree = "<group>";
		};
		903E8CBE2631A18B00D0AADD /* Views-Sidemenu */ = {
			isa = PBXGroup;
			children = (
				903E8CBF2631A1B000D0AADD /* SideMenuViewController.swift */,
				90C3144626358EC300EC7192 /* TableDataSource.swift */,
				9002F4D92637E510006292C1 /* CoursesTableViewCell.swift */,
			);
			path = "Views-Sidemenu";
			sourceTree = "<group>";
		};
		9044AEF2263940D200E29A37 /* Payment Module */ = {
			isa = PBXGroup;
			children = (
				9044AEF3263940FE00E29A37 /* PaymentViewController.swift */,
			);
			path = "Payment Module";
			sourceTree = "<group>";
		};
		90759C0526328BBC0052FFAB /* Storyboards */ = {
			isa = PBXGroup;
			children = (
				903E8CB126314C6500D0AADD /* Main.storyboard */,
				90759C0726328BE60052FFAB /* Loginscreens.storyboard */,
				9044AEEF263940A500E29A37 /* PaymentScreens.storyboard */,
				909F2F3E263BEAAF00200EE2 /* ProfileScreens.storyboard */,
			);
			path = Storyboards;
			sourceTree = "<group>";
		};
		90759C0A26328C490052FFAB /* Account module */ = {
			isa = PBXGroup;
			children = (
				90D4005B264387EA00DC82B9 /* OTP Module */,
				9027C31B2636867600937441 /* View Model */,
				9027C317263685ED00937441 /* Model */,
				90759C0B26328C780052FFAB /* RegistrationViewController.swift */,
				9027C31426367E3A00937441 /* LoginViewController.swift */,
				902BA58C2641031500411097 /* RegistrationTableDataSource.swift */,
				902BA5A02641147600411097 /* FormTableViewCell.swift */,
				902BA5A926418FFE00411097 /* OTPTableViewCell.swift */,
				90D400622643B8CC00DC82B9 /* SubmitTableViewCell.swift */,
			);
			path = "Account module";
			sourceTree = "<group>";
		};
		90759C13263294150052FFAB /* Storyboard Helpers */ = {
			isa = PBXGroup;
			children = (
				90759C152632946C0052FFAB /* StoryboardIdentifierHandlerType.swift */,
				90759C162632946C0052FFAB /* UIStoryboard+Helpers.swift */,
				90759C142632946C0052FFAB /* ViewControllers+StoryboardIdentifiers.swift */,
			);
			path = "Storyboard Helpers";
			sourceTree = "<group>";
		};
		90759C1B2632ACD50052FFAB /* Common */ = {
			isa = PBXGroup;
			children = (
				90759C1C2632ACED0052FFAB /* BaseViewController.swift */,
				909BF98A2642E39D001B73D1 /* SplashViewController.swift */,
			);
			path = Common;
			sourceTree = "<group>";
		};
		909F2F33263BB49700200EE2 /* Notification Module */ = {
			isa = PBXGroup;
			children = (
				909F2F34263BB4C300200EE2 /* NotificationViewController.swift */,
				909F2F37263BC32100200EE2 /* NotificationDataSource.swift */,
				909F2F3A263BC34F00200EE2 /* NotificationTableViewCell.swift */,
			);
			path = "Notification Module";
			sourceTree = "<group>";
		};
		909F2F41263BF0F900200EE2 /* Profile Module */ = {
			isa = PBXGroup;
			children = (
				909F2F42263BF15600200EE2 /* ProfileViewController.swift */,
			);
			path = "Profile Module";
			sourceTree = "<group>";
		};
		90D4005B264387EA00DC82B9 /* OTP Module */ = {
			isa = PBXGroup;
			children = (
				90D4005C2643880900DC82B9 /* OTPViewController.swift */,
				90D4005F26439DF500DC82B9 /* OTPDataSource.swift */,
			);
			path = "OTP Module";
			sourceTree = "<group>";
		};
		B0D87695C4E049AAB23577AE /* Frameworks */ = {
			isa = PBXGroup;
			children = (
				7936371CC97C66B7C8BEF159 /* Pods_IHMA.framework */,
			);
			name = Frameworks;
			sourceTree = "<group>";
		};
		FA2B524E2595BE53004B23F9 = {
			isa = PBXGroup;
			children = (
				FA2B52592595BE53004B23F9 /* IHMA */,
				FA2B52582595BE53004B23F9 /* Products */,
				167636B86521787412CB4C29 /* Pods */,
				B0D87695C4E049AAB23577AE /* Frameworks */,
			);
			sourceTree = "<group>";
		};
		FA2B52582595BE53004B23F9 /* Products */ = {
			isa = PBXGroup;
			children = (
				FA2B52572595BE53004B23F9 /* IHMA.app */,
			);
			name = Products;
			sourceTree = "<group>";
		};
		FA2B52592595BE53004B23F9 /* IHMA */ = {
			isa = PBXGroup;
			children = (
				9027C3352636D26A00937441 /* Helpers */,
				90759C1B2632ACD50052FFAB /* Common */,
				90759C13263294150052FFAB /* Storyboard Helpers */,
				909F2F33263BB49700200EE2 /* Notification Module */,
				9044AEF2263940D200E29A37 /* Payment Module */,
				909F2F41263BF0F900200EE2 /* Profile Module */,
				90759C0A26328C490052FFAB /* Account module */,
				903E8CBE2631A18B00D0AADD /* Views-Sidemenu */,
				903E8CB52631508A00D0AADD /* Views-2nd page */,
				FA5D747B2595F8BA00B53618 /* Views_home */,
				FA5D747A2595F8A800B53618 /* Model+Parsing */,
				FA2B528C2595CBD5004B23F9 /* Fonts */,
				90759C0526328BBC0052FFAB /* Storyboards */,
				FA2B525A2595BE53004B23F9 /* AppDelegate.swift */,
				FA2B525C2595BE53004B23F9 /* SceneDelegate.swift */,
				FA2B52B32595D2C1004B23F9 /* Constants.swift */,
				FA2B52B92595D3BD004B23F9 /* Utils.swift */,
				FA2B52662595BE55004B23F9 /* Assets.xcassets */,
				FA2B52682595BE55004B23F9 /* LaunchScreen.storyboard */,
				FA2B526B2595BE55004B23F9 /* Info.plist */,
				FA2B52632595BE53004B23F9 /* IHMA.xcdatamodeld */,
			);
			path = IHMA;
			sourceTree = "<group>";
		};
		FA2B528C2595CBD5004B23F9 /* Fonts */ = {
			isa = PBXGroup;
			children = (
				FA2B52932595CBE6004B23F9 /* TitilliumWeb-Black.ttf */,
				FA2B52952595CBE6004B23F9 /* TitilliumWeb-Bold.ttf */,
				FA2B528F2595CBE6004B23F9 /* TitilliumWeb-BoldItalic.ttf */,
				FA2B52912595CBE6004B23F9 /* TitilliumWeb-ExtraLight.ttf */,
				FA2B52942595CBE6004B23F9 /* TitilliumWeb-ExtraLightItalic.ttf */,
				FA2B52902595CBE6004B23F9 /* TitilliumWeb-Italic.ttf */,
				FA2B52972595CBE6004B23F9 /* TitilliumWeb-Light.ttf */,
				FA2B52922595CBE6004B23F9 /* TitilliumWeb-LightItalic.ttf */,
				FA2B52962595CBE6004B23F9 /* TitilliumWeb-Regular.ttf */,
				FA2B528D2595CBE6004B23F9 /* TitilliumWeb-SemiBold.ttf */,
				FA2B528E2595CBE6004B23F9 /* TitilliumWeb-SemiBoldItalic.ttf */,
			);
			path = Fonts;
			sourceTree = "<group>";
		};
		FA5D747A2595F8A800B53618 /* Model+Parsing */ = {
			isa = PBXGroup;
			children = (
				FA2B52862595C4AA004B23F9 /* Parser.swift */,
				FA2B52892595C569004B23F9 /* Model.swift */,
			);
			path = "Model+Parsing";
			sourceTree = "<group>";
		};
		FA5D747B2595F8BA00B53618 /* Views_home */ = {
			isa = PBXGroup;
			children = (
				FA2B52B62595D356004B23F9 /* CollectionViewCell.swift */,
				FA2B525E2595BE53004B23F9 /* ViewController.swift */,
				FA2B527A2595BF41004B23F9 /* ViewModel.swift */,
				FA2B52AF2595CD57004B23F9 /* ViewDataSource.swift */,
			);
			path = Views_home;
			sourceTree = "<group>";
		};
/* End PBXGroup section */

/* Begin PBXNativeTarget section */
		FA2B52562595BE53004B23F9 /* IHMA */ = {
			isa = PBXNativeTarget;
			buildConfigurationList = FA2B526E2595BE55004B23F9 /* Build configuration list for PBXNativeTarget "IHMA" */;
			buildPhases = (
				335FB7A2218C3E95CA4BB5F1 /* [CP] Check Pods Manifest.lock */,
				FA2B52532595BE53004B23F9 /* Sources */,
				FA2B52542595BE53004B23F9 /* Frameworks */,
				FA2B52552595BE53004B23F9 /* Resources */,
				72295A5CD92B11935356C29E /* [CP] Embed Pods Frameworks */,
			);
			buildRules = (
			);
			dependencies = (
			);
			name = IHMA;
			productName = Test;
			productReference = FA2B52572595BE53004B23F9 /* IHMA.app */;
			productType = "com.apple.product-type.application";
		};
/* End PBXNativeTarget section */

/* Begin PBXProject section */
		FA2B524F2595BE53004B23F9 /* Project object */ = {
			isa = PBXProject;
			attributes = {
				LastSwiftUpdateCheck = 1220;
				LastUpgradeCheck = 1220;
				TargetAttributes = {
					FA2B52562595BE53004B23F9 = {
						CreatedOnToolsVersion = 12.2;
					};
				};
			};
			buildConfigurationList = FA2B52522595BE53004B23F9 /* Build configuration list for PBXProject "IHMA" */;
			compatibilityVersion = "Xcode 9.3";
			developmentRegion = en;
			hasScannedForEncodings = 0;
			knownRegions = (
				en,
				Base,
			);
			mainGroup = FA2B524E2595BE53004B23F9;
			productRefGroup = FA2B52582595BE53004B23F9 /* Products */;
			projectDirPath = "";
			projectRoot = "";
			targets = (
				FA2B52562595BE53004B23F9 /* IHMA */,
			);
		};
/* End PBXProject section */

/* Begin PBXResourcesBuildPhase section */
		FA2B52552595BE53004B23F9 /* Resources */ = {
			isa = PBXResourcesBuildPhase;
			buildActionMask = 2147483647;
			files = (
				FA2B52A92595CC3C004B23F9 /* TitilliumWeb-Regular.ttf in Resources */,
				FA2B526A2595BE55004B23F9 /* LaunchScreen.storyboard in Resources */,
				FA2B529F2595CC2F004B23F9 /* TitilliumWeb-ExtraLight.ttf in Resources */,
				FA2B52A72595CC3A004B23F9 /* TitilliumWeb-LightItalic.ttf in Resources */,
				FA2B52672595BE55004B23F9 /* Assets.xcassets in Resources */,
				FA2B529B2595CC2A004B23F9 /* TitilliumWeb-Bold.ttf in Resources */,
				90759C0826328BE60052FFAB /* Loginscreens.storyboard in Resources */,
				9044AEF0263940A500E29A37 /* PaymentScreens.storyboard in Resources */,
				FA2B52AD2595CC42004B23F9 /* TitilliumWeb-SemiBoldItalic.ttf in Resources */,
				903E8CB226314C6500D0AADD /* Main.storyboard in Resources */,
				FA2B52992595CC27004B23F9 /* TitilliumWeb-Black.ttf in Resources */,
				909F2F3F263BEAAF00200EE2 /* ProfileScreens.storyboard in Resources */,
				FA2B529D2595CC2C004B23F9 /* TitilliumWeb-BoldItalic.ttf in Resources */,
				FA2B52A52595CC37004B23F9 /* TitilliumWeb-Light.ttf in Resources */,
				FA2B52AB2595CC40004B23F9 /* TitilliumWeb-SemiBold.ttf in Resources */,
				FA2B52A32595CC35004B23F9 /* TitilliumWeb-Italic.ttf in Resources */,
				FA2B52A12595CC32004B23F9 /* TitilliumWeb-ExtraLightItalic.ttf in Resources */,
			);
			runOnlyForDeploymentPostprocessing = 0;
		};
/* End PBXResourcesBuildPhase section */

/* Begin PBXShellScriptBuildPhase section */
		335FB7A2218C3E95CA4BB5F1 /* [CP] Check Pods Manifest.lock */ = {
			isa = PBXShellScriptBuildPhase;
			buildActionMask = 2147483647;
			files = (
			);
			inputFileListPaths = (
			);
			inputPaths = (
				"${PODS_PODFILE_DIR_PATH}/Podfile.lock",
				"${PODS_ROOT}/Manifest.lock",
			);
			name = "[CP] Check Pods Manifest.lock";
			outputFileListPaths = (
			);
			outputPaths = (
				"$(DERIVED_FILE_DIR)/Pods-IHMA-checkManifestLockResult.txt",
			);
			runOnlyForDeploymentPostprocessing = 0;
			shellPath = /bin/sh;
			shellScript = "diff \"${PODS_PODFILE_DIR_PATH}/Podfile.lock\" \"${PODS_ROOT}/Manifest.lock\" > /dev/null\nif [ $? != 0 ] ; then\n    # print error to STDERR\n    echo \"error: The sandbox is not in sync with the Podfile.lock. Run 'pod install' or update your CocoaPods installation.\" >&2\n    exit 1\nfi\n# This output is used by Xcode 'outputs' to avoid re-running this script phase.\necho \"SUCCESS\" > \"${SCRIPT_OUTPUT_FILE_0}\"\n";
			showEnvVarsInLog = 0;
		};
		72295A5CD92B11935356C29E /* [CP] Embed Pods Frameworks */ = {
			isa = PBXShellScriptBuildPhase;
			buildActionMask = 2147483647;
			files = (
			);
			inputFileListPaths = (
				"${PODS_ROOT}/Target Support Files/Pods-IHMA/Pods-IHMA-frameworks-${CONFIGURATION}-input-files.xcfilelist",
			);
			name = "[CP] Embed Pods Frameworks";
			outputFileListPaths = (
				"${PODS_ROOT}/Target Support Files/Pods-IHMA/Pods-IHMA-frameworks-${CONFIGURATION}-output-files.xcfilelist",
			);
			runOnlyForDeploymentPostprocessing = 0;
			shellPath = /bin/sh;
			shellScript = "\"${PODS_ROOT}/Target Support Files/Pods-IHMA/Pods-IHMA-frameworks.sh\"\n";
			showEnvVarsInLog = 0;
		};
/* End PBXShellScriptBuildPhase section */

/* Begin PBXSourcesBuildPhase section */
		FA2B52532595BE53004B23F9 /* Sources */ = {
			isa = PBXSourcesBuildPhase;
			buildActionMask = 2147483647;
			files = (
				90D400632643B8CC00DC82B9 /* SubmitTableViewCell.swift in Sources */,
				FA2B52B72595D356004B23F9 /* CollectionViewCell.swift in Sources */,
				FA2B528A2595C569004B23F9 /* Model.swift in Sources */,
				FA2B527B2595BF41004B23F9 /* ViewModel.swift in Sources */,
				90209D23263FB99C00EC8588 /* UIColor+Extension.swift in Sources */,
				903E8CC02631A1B000D0AADD /* SideMenuViewController.swift in Sources */,
				909F2F3B263BC34F00200EE2 /* NotificationTableViewCell.swift in Sources */,
				90759C172632946C0052FFAB /* ViewControllers+StoryboardIdentifiers.swift in Sources */,
				909F2F43263BF15600200EE2 /* ProfileViewController.swift in Sources */,
				90759C1D2632ACED0052FFAB /* BaseViewController.swift in Sources */,
				90C3144726358EC300EC7192 /* TableDataSource.swift in Sources */,
				9044AEF4263940FE00E29A37 /* PaymentViewController.swift in Sources */,
				902BA5AA26418FFE00411097 /* OTPTableViewCell.swift in Sources */,
				90D4006026439DF500DC82B9 /* OTPDataSource.swift in Sources */,
				90759C0C26328C780052FFAB /* RegistrationViewController.swift in Sources */,
				9027C31526367E3A00937441 /* LoginViewController.swift in Sources */,
				902BA5A12641147600411097 /* FormTableViewCell.swift in Sources */,
				90D4005D2643880900DC82B9 /* OTPViewController.swift in Sources */,
				9002F4DA2637E510006292C1 /* CoursesTableViewCell.swift in Sources */,
				FA2B525F2595BE53004B23F9 /* ViewController.swift in Sources */,
				FA2B52872595C4AA004B23F9 /* Parser.swift in Sources */,
				9044AEED26392FA200E29A37 /* UIView+Extension.swift in Sources */,
				903E8CB7263150B800D0AADD /* ViewController2.swift in Sources */,
				902BA58D2641031500411097 /* RegistrationTableDataSource.swift in Sources */,
				FA2B52652595BE53004B23F9 /* IHMA.xcdatamodeld in Sources */,
				FA2B525B2595BE53004B23F9 /* AppDelegate.swift in Sources */,
				9027C3372636D29900937441 /* hexToUiColor.swift in Sources */,
				90759C192632946C0052FFAB /* UIStoryboard+Helpers.swift in Sources */,
				9002F4E026381A15006292C1 /* UITextfield+Extension.swift in Sources */,
				909F2F35263BB4C300200EE2 /* NotificationViewController.swift in Sources */,
				9002F4DD263819A8006292C1 /* UIImage+Extension.swift in Sources */,
				FA2B52BA2595D3BD004B23F9 /* Utils.swift in Sources */,
				909BF9872642DA3E001B73D1 /* loginModel.swift in Sources */,
				90759C182632946C0052FFAB /* StoryboardIdentifierHandlerType.swift in Sources */,
				FA2B52B02595CD57004B23F9 /* ViewDataSource.swift in Sources */,
				909F2F38263BC32100200EE2 /* NotificationDataSource.swift in Sources */,
				909BF98B2642E39D001B73D1 /* SplashViewController.swift in Sources */,
				FA2B525D2595BE53004B23F9 /* SceneDelegate.swift in Sources */,
				FA2B52B42595D2C1004B23F9 /* Constants.swift in Sources */,
				9027C319263685FE00937441 /* User1.swift in Sources */,
				9027C31D2636868D00937441 /* Authentication.swift in Sources */,
			);
			runOnlyForDeploymentPostprocessing = 0;
		};
/* End PBXSourcesBuildPhase section */

/* Begin PBXVariantGroup section */
		FA2B52682595BE55004B23F9 /* LaunchScreen.storyboard */ = {
			isa = PBXVariantGroup;
			children = (
				FA2B52692595BE55004B23F9 /* Base */,
			);
			name = LaunchScreen.storyboard;
			sourceTree = "<group>";
		};
/* End PBXVariantGroup section */

/* Begin XCBuildConfiguration section */
		FA2B526C2595BE55004B23F9 /* Debug */ = {
			isa = XCBuildConfiguration;
			buildSettings = {
				ALWAYS_SEARCH_USER_PATHS = NO;
				CLANG_ANALYZER_NONNULL = YES;
				CLANG_ANALYZER_NUMBER_OBJECT_CONVERSION = YES_AGGRESSIVE;
				CLANG_CXX_LANGUAGE_STANDARD = "gnu++14";
				CLANG_CXX_LIBRARY = "libc++";
				CLANG_ENABLE_MODULES = YES;
				CLANG_ENABLE_OBJC_ARC = YES;
				CLANG_ENABLE_OBJC_WEAK = YES;
				CLANG_WARN_BLOCK_CAPTURE_AUTORELEASING = YES;
				CLANG_WARN_BOOL_CONVERSION = YES;
				CLANG_WARN_COMMA = YES;
				CLANG_WARN_CONSTANT_CONVERSION = YES;
				CLANG_WARN_DEPRECATED_OBJC_IMPLEMENTATIONS = YES;
				CLANG_WARN_DIRECT_OBJC_ISA_USAGE = YES_ERROR;
				CLANG_WARN_DOCUMENTATION_COMMENTS = YES;
				CLANG_WARN_EMPTY_BODY = YES;
				CLANG_WARN_ENUM_CONVERSION = YES;
				CLANG_WARN_INFINITE_RECURSION = YES;
				CLANG_WARN_INT_CONVERSION = YES;
				CLANG_WARN_NON_LITERAL_NULL_CONVERSION = YES;
				CLANG_WARN_OBJC_IMPLICIT_RETAIN_SELF = YES;
				CLANG_WARN_OBJC_LITERAL_CONVERSION = YES;
				CLANG_WARN_OBJC_ROOT_CLASS = YES_ERROR;
				CLANG_WARN_QUOTED_INCLUDE_IN_FRAMEWORK_HEADER = YES;
				CLANG_WARN_RANGE_LOOP_ANALYSIS = YES;
				CLANG_WARN_STRICT_PROTOTYPES = YES;
				CLANG_WARN_SUSPICIOUS_MOVE = YES;
				CLANG_WARN_UNGUARDED_AVAILABILITY = YES_AGGRESSIVE;
				CLANG_WARN_UNREACHABLE_CODE = YES;
				CLANG_WARN__DUPLICATE_METHOD_MATCH = YES;
				COPY_PHASE_STRIP = NO;
				DEBUG_INFORMATION_FORMAT = dwarf;
				ENABLE_STRICT_OBJC_MSGSEND = YES;
				ENABLE_TESTABILITY = YES;
				GCC_C_LANGUAGE_STANDARD = gnu11;
				GCC_DYNAMIC_NO_PIC = NO;
				GCC_NO_COMMON_BLOCKS = YES;
				GCC_OPTIMIZATION_LEVEL = 0;
				GCC_PREPROCESSOR_DEFINITIONS = (
					"DEBUG=1",
					"$(inherited)",
				);
				GCC_WARN_64_TO_32_BIT_CONVERSION = YES;
				GCC_WARN_ABOUT_RETURN_TYPE = YES_ERROR;
				GCC_WARN_UNDECLARED_SELECTOR = YES;
				GCC_WARN_UNINITIALIZED_AUTOS = YES_AGGRESSIVE;
				GCC_WARN_UNUSED_FUNCTION = YES;
				GCC_WARN_UNUSED_VARIABLE = YES;
				IPHONEOS_DEPLOYMENT_TARGET = 14.2;
				MTL_ENABLE_DEBUG_INFO = INCLUDE_SOURCE;
				MTL_FAST_MATH = YES;
				ONLY_ACTIVE_ARCH = YES;
				SDKROOT = iphoneos;
				SWIFT_ACTIVE_COMPILATION_CONDITIONS = DEBUG;
				SWIFT_OPTIMIZATION_LEVEL = "-Onone";
			};
			name = Debug;
		};
		FA2B526D2595BE55004B23F9 /* Release */ = {
			isa = XCBuildConfiguration;
			buildSettings = {
				ALWAYS_SEARCH_USER_PATHS = NO;
				CLANG_ANALYZER_NONNULL = YES;
				CLANG_ANALYZER_NUMBER_OBJECT_CONVERSION = YES_AGGRESSIVE;
				CLANG_CXX_LANGUAGE_STANDARD = "gnu++14";
				CLANG_CXX_LIBRARY = "libc++";
				CLANG_ENABLE_MODULES = YES;
				CLANG_ENABLE_OBJC_ARC = YES;
				CLANG_ENABLE_OBJC_WEAK = YES;
				CLANG_WARN_BLOCK_CAPTURE_AUTORELEASING = YES;
				CLANG_WARN_BOOL_CONVERSION = YES;
				CLANG_WARN_COMMA = YES;
				CLANG_WARN_CONSTANT_CONVERSION = YES;
				CLANG_WARN_DEPRECATED_OBJC_IMPLEMENTATIONS = YES;
				CLANG_WARN_DIRECT_OBJC_ISA_USAGE = YES_ERROR;
				CLANG_WARN_DOCUMENTATION_COMMENTS = YES;
				CLANG_WARN_EMPTY_BODY = YES;
				CLANG_WARN_ENUM_CONVERSION = YES;
				CLANG_WARN_INFINITE_RECURSION = YES;
				CLANG_WARN_INT_CONVERSION = YES;
				CLANG_WARN_NON_LITERAL_NULL_CONVERSION = YES;
				CLANG_WARN_OBJC_IMPLICIT_RETAIN_SELF = YES;
				CLANG_WARN_OBJC_LITERAL_CONVERSION = YES;
				CLANG_WARN_OBJC_ROOT_CLASS = YES_ERROR;
				CLANG_WARN_QUOTED_INCLUDE_IN_FRAMEWORK_HEADER = YES;
				CLANG_WARN_RANGE_LOOP_ANALYSIS = YES;
				CLANG_WARN_STRICT_PROTOTYPES = YES;
				CLANG_WARN_SUSPICIOUS_MOVE = YES;
				CLANG_WARN_UNGUARDED_AVAILABILITY = YES_AGGRESSIVE;
				CLANG_WARN_UNREACHABLE_CODE = YES;
				CLANG_WARN__DUPLICATE_METHOD_MATCH = YES;
				COPY_PHASE_STRIP = NO;
				DEBUG_INFORMATION_FORMAT = "dwarf-with-dsym";
				ENABLE_NS_ASSERTIONS = NO;
				ENABLE_STRICT_OBJC_MSGSEND = YES;
				GCC_C_LANGUAGE_STANDARD = gnu11;
				GCC_NO_COMMON_BLOCKS = YES;
				GCC_WARN_64_TO_32_BIT_CONVERSION = YES;
				GCC_WARN_ABOUT_RETURN_TYPE = YES_ERROR;
				GCC_WARN_UNDECLARED_SELECTOR = YES;
				GCC_WARN_UNINITIALIZED_AUTOS = YES_AGGRESSIVE;
				GCC_WARN_UNUSED_FUNCTION = YES;
				GCC_WARN_UNUSED_VARIABLE = YES;
				IPHONEOS_DEPLOYMENT_TARGET = 14.2;
				MTL_ENABLE_DEBUG_INFO = NO;
				MTL_FAST_MATH = YES;
				SDKROOT = iphoneos;
				SWIFT_COMPILATION_MODE = wholemodule;
				SWIFT_OPTIMIZATION_LEVEL = "-O";
				VALIDATE_PRODUCT = YES;
			};
			name = Release;
		};
		FA2B526F2595BE55004B23F9 /* Debug */ = {
			isa = XCBuildConfiguration;
			baseConfigurationReference = BD83E661FC8D60579560BCA0 /* Pods-IHMA.debug.xcconfig */;
			buildSettings = {
				ASSETCATALOG_COMPILER_APPICON_NAME = AppIcon;
				ASSETCATALOG_COMPILER_GLOBAL_ACCENT_COLOR_NAME = AccentColor;
				CODE_SIGN_STYLE = Automatic;
				CURRENT_PROJECT_VERSION = 1;
				DEVELOPMENT_ASSET_PATHS = "";
				DEVELOPMENT_TEAM = U6VLB2S55C;
				INFOPLIST_FILE = IHMA/Info.plist;
				LD_RUNPATH_SEARCH_PATHS = (
					"$(inherited)",
					"@executable_path/Frameworks",
				);
				MARKETING_VERSION = 1.0;
				PRODUCT_BUNDLE_IDENTIFIER = com.deltasoft.ihma;
				PRODUCT_NAME = "$(TARGET_NAME)";
				SWIFT_VERSION = 5.0;
				TARGETED_DEVICE_FAMILY = "1,2";
			};
			name = Debug;
		};
		FA2B52702595BE55004B23F9 /* Release */ = {
			isa = XCBuildConfiguration;
			baseConfigurationReference = 18B02C3848906860D167C001 /* Pods-IHMA.release.xcconfig */;
			buildSettings = {
				ASSETCATALOG_COMPILER_APPICON_NAME = AppIcon;
				ASSETCATALOG_COMPILER_GLOBAL_ACCENT_COLOR_NAME = AccentColor;
				CODE_SIGN_STYLE = Automatic;
				CURRENT_PROJECT_VERSION = 1;
				DEVELOPMENT_ASSET_PATHS = "";
				DEVELOPMENT_TEAM = U6VLB2S55C;
				INFOPLIST_FILE = IHMA/Info.plist;
				LD_RUNPATH_SEARCH_PATHS = (
					"$(inherited)",
					"@executable_path/Frameworks",
				);
				MARKETING_VERSION = 1.0;
				PRODUCT_BUNDLE_IDENTIFIER = com.deltasoft.ihma;
				PRODUCT_NAME = "$(TARGET_NAME)";
				SWIFT_VERSION = 5.0;
				TARGETED_DEVICE_FAMILY = "1,2";
			};
			name = Release;
		};
/* End XCBuildConfiguration section */

/* Begin XCConfigurationList section */
		FA2B52522595BE53004B23F9 /* Build configuration list for PBXProject "IHMA" */ = {
			isa = XCConfigurationList;
			buildConfigurations = (
				FA2B526C2595BE55004B23F9 /* Debug */,
				FA2B526D2595BE55004B23F9 /* Release */,
			);
			defaultConfigurationIsVisible = 0;
			defaultConfigurationName = Release;
		};
		FA2B526E2595BE55004B23F9 /* Build configuration list for PBXNativeTarget "IHMA" */ = {
			isa = XCConfigurationList;
			buildConfigurations = (
				FA2B526F2595BE55004B23F9 /* Debug */,
				FA2B52702595BE55004B23F9 /* Release */,
			);
			defaultConfigurationIsVisible = 0;
			defaultConfigurationName = Release;
		};
/* End XCConfigurationList section */

/* Begin XCVersionGroup section */
		FA2B52632595BE53004B23F9 /* IHMA.xcdatamodeld */ = {
			isa = XCVersionGroup;
			children = (
				FA2B52642595BE53004B23F9 /* Test.xcdatamodel */,
			);
			currentVersion = FA2B52642595BE53004B23F9 /* Test.xcdatamodel */;
			path = IHMA.xcdatamodeld;
			sourceTree = "<group>";
			versionGroupType = wrapper.xcdatamodel;
		};
/* End XCVersionGroup section */
	};
	rootObject = FA2B524F2595BE53004B23F9 /* Project object */;
}
